# THIS IS AN AUTOGENERATED FILE. DO NOT EDIT THIS FILE DIRECTLY.
# yarn lockfile v1


"nan@^2.14.0":
  "integrity" "sha512-isWHgVjnFjh2x2yuJ/tj3JbwoHu3UC2dX5G/88Cm24yB6YopVgxvBObDY7n5xW6ExmFhJpSEQqFPvq9zaXc8Jw=="
  "resolved" "https://registry.npmjs.org/nan/-/nan-2.14.1.tgz"
  "version" "2.14.1"

"tree-sitter-cli@^0.16.9":
  "integrity" "sha512-Aguz2Ns7qG6t71MP9odhh4t9q3+f29BAmZq8XsTDMtoi5o/e9k+Umeqz6brNngCAz3vMBl1OX95ozdnYzhJWIA=="
  "resolved" "https://registry.npmjs.org/tree-sitter-cli/-/tree-sitter-cli-0.16.9.tgz"
  "version" "0.16.9"
